// !$*UTF8*$!
{
	archiveVersion = 1;
	classes = {
	};
	objectVersion = 50;
	objects = {

/* Begin PBXBuildFile section */
		591CB03220DE4EC400B62B46 /* AppDelegate.swift in Sources */ = {isa = PBXBuildFile; fileRef = 591CB03120DE4EC400B62B46 /* AppDelegate.swift */; };
		591CB03420DE4EC400B62B46 /* ViewController.swift in Sources */ = {isa = PBXBuildFile; fileRef = 591CB03320DE4EC400B62B46 /* ViewController.swift */; };
		591CB03720DE4EC400B62B46 /* Main.storyboard in Resources */ = {isa = PBXBuildFile; fileRef = 591CB03520DE4EC400B62B46 /* Main.storyboard */; };
		591CB03920DE4EC500B62B46 /* Assets.xcassets in Resources */ = {isa = PBXBuildFile; fileRef = 591CB03820DE4EC500B62B46 /* Assets.xcassets */; };
		591CB03C20DE4EC500B62B46 /* LaunchScreen.storyboard in Resources */ = {isa = PBXBuildFile; fileRef = 591CB03A20DE4EC500B62B46 /* LaunchScreen.storyboard */; };
		591CB04720DE4EC600B62B46 /* FinalProjectTests.swift in Sources */ = {isa = PBXBuildFile; fileRef = 591CB04620DE4EC600B62B46 /* FinalProjectTests.swift */; };
		591CB05220DE4EC600B62B46 /* FinalProjectUITests.swift in Sources */ = {isa = PBXBuildFile; fileRef = 591CB05120DE4EC600B62B46 /* FinalProjectUITests.swift */; };
		594A05DA20DE67CF00AEE33C /* HomeTableViewController.swift in Sources */ = {isa = PBXBuildFile; fileRef = 594A05D920DE67CF00AEE33C /* HomeTableViewController.swift */; };
		59D7118E20DE527D00CAC436 /* MapViewController.swift in Sources */ = {isa = PBXBuildFile; fileRef = 59D7118D20DE527D00CAC436 /* MapViewController.swift */; };
		689A7CE4969891453B1BE603 /* Pods_FinalProject_FinalProjectTests.framework in Frameworks */ = {isa = PBXBuildFile; fileRef = 0C8CE647F3D3A951D422AA52 /* Pods_FinalProject_FinalProjectTests.framework */; };
		735B426634DADD94D4A7E486 /* Pods_FinalProjectUITests.framework in Frameworks */ = {isa = PBXBuildFile; fileRef = 49BFA069FABDF9D38180C72A /* Pods_FinalProjectUITests.framework */; };
		B4C00AFB8A93B4A086F7ED30 /* Pods_FinalProject.framework in Frameworks */ = {isa = PBXBuildFile; fileRef = 532974FBA0BCFE3402C7BB2C /* Pods_FinalProject.framework */; };
/* End PBXBuildFile section */

/* Begin PBXContainerItemProxy section */
		591CB04320DE4EC600B62B46 /* PBXContainerItemProxy */ = {
			isa = PBXContainerItemProxy;
			containerPortal = 591CB02620DE4EC400B62B46 /* Project object */;
			proxyType = 1;
			remoteGlobalIDString = 591CB02D20DE4EC400B62B46;
			remoteInfo = FinalProject;
		};
		591CB04E20DE4EC600B62B46 /* PBXContainerItemProxy */ = {
			isa = PBXContainerItemProxy;
			containerPortal = 591CB02620DE4EC400B62B46 /* Project object */;
			proxyType = 1;
			remoteGlobalIDString = 591CB02D20DE4EC400B62B46;
			remoteInfo = FinalProject;
		};
/* End PBXContainerItemProxy section */

/* Begin PBXFileReference section */
		0C8CE647F3D3A951D422AA52 /* Pods_FinalProject_FinalProjectTests.framework */ = {isa = PBXFileReference; explicitFileType = wrapper.framework; includeInIndex = 0; path = Pods_FinalProject_FinalProjectTests.framework; sourceTree = BUILT_PRODUCTS_DIR; };
		2E5B752A45A4C39D3C74B181 /* Pods-FinalProject-FinalProjectTests.debug.xcconfig */ = {isa = PBXFileReference; includeInIndex = 1; lastKnownFileType = text.xcconfig; name = "Pods-FinalProject-FinalProjectTests.debug.xcconfig"; path = "Pods/Target Support Files/Pods-FinalProject-FinalProjectTests/Pods-FinalProject-FinalProjectTests.debug.xcconfig"; sourceTree = "<group>"; };
		49BFA069FABDF9D38180C72A /* Pods_FinalProjectUITests.framework */ = {isa = PBXFileReference; explicitFileType = wrapper.framework; includeInIndex = 0; path = Pods_FinalProjectUITests.framework; sourceTree = BUILT_PRODUCTS_DIR; };
		532974FBA0BCFE3402C7BB2C /* Pods_FinalProject.framework */ = {isa = PBXFileReference; explicitFileType = wrapper.framework; includeInIndex = 0; path = Pods_FinalProject.framework; sourceTree = BUILT_PRODUCTS_DIR; };
		591CB02E20DE4EC400B62B46 /* FinalProject.app */ = {isa = PBXFileReference; explicitFileType = wrapper.application; includeInIndex = 0; path = FinalProject.app; sourceTree = BUILT_PRODUCTS_DIR; };
		591CB03120DE4EC400B62B46 /* AppDelegate.swift */ = {isa = PBXFileReference; lastKnownFileType = sourcecode.swift; path = AppDelegate.swift; sourceTree = "<group>"; };
		591CB03320DE4EC400B62B46 /* ViewController.swift */ = {isa = PBXFileReference; lastKnownFileType = sourcecode.swift; path = ViewController.swift; sourceTree = "<group>"; };
		591CB03620DE4EC400B62B46 /* Base */ = {isa = PBXFileReference; lastKnownFileType = file.storyboard; name = Base; path = Base.lproj/Main.storyboard; sourceTree = "<group>"; };
		591CB03820DE4EC500B62B46 /* Assets.xcassets */ = {isa = PBXFileReference; lastKnownFileType = folder.assetcatalog; path = Assets.xcassets; sourceTree = "<group>"; };
		591CB03B20DE4EC500B62B46 /* Base */ = {isa = PBXFileReference; lastKnownFileType = file.storyboard; name = Base; path = Base.lproj/LaunchScreen.storyboard; sourceTree = "<group>"; };
		591CB03D20DE4EC600B62B46 /* Info.plist */ = {isa = PBXFileReference; lastKnownFileType = text.plist.xml; path = Info.plist; sourceTree = "<group>"; };
		591CB04220DE4EC600B62B46 /* FinalProjectTests.xctest */ = {isa = PBXFileReference; explicitFileType = wrapper.cfbundle; includeInIndex = 0; path = FinalProjectTests.xctest; sourceTree = BUILT_PRODUCTS_DIR; };
		591CB04620DE4EC600B62B46 /* FinalProjectTests.swift */ = {isa = PBXFileReference; lastKnownFileType = sourcecode.swift; path = FinalProjectTests.swift; sourceTree = "<group>"; };
		591CB04820DE4EC600B62B46 /* Info.plist */ = {isa = PBXFileReference; lastKnownFileType = text.plist.xml; path = Info.plist; sourceTree = "<group>"; };
		591CB04D20DE4EC600B62B46 /* FinalProjectUITests.xctest */ = {isa = PBXFileReference; explicitFileType = wrapper.cfbundle; includeInIndex = 0; path = FinalProjectUITests.xctest; sourceTree = BUILT_PRODUCTS_DIR; };
		591CB05120DE4EC600B62B46 /* FinalProjectUITests.swift */ = {isa = PBXFileReference; lastKnownFileType = sourcecode.swift; path = FinalProjectUITests.swift; sourceTree = "<group>"; };
		591CB05320DE4EC600B62B46 /* Info.plist */ = {isa = PBXFileReference; lastKnownFileType = text.plist.xml; path = Info.plist; sourceTree = "<group>"; };
		594A05D920DE67CF00AEE33C /* HomeTableViewController.swift */ = {isa = PBXFileReference; lastKnownFileType = sourcecode.swift; path = HomeTableViewController.swift; sourceTree = "<group>"; };
		595B8FBF8151B3B79FEBD6DC /* Pods-FinalProject.debug.xcconfig */ = {isa = PBXFileReference; includeInIndex = 1; lastKnownFileType = text.xcconfig; name = "Pods-FinalProject.debug.xcconfig"; path = "Pods/Target Support Files/Pods-FinalProject/Pods-FinalProject.debug.xcconfig"; sourceTree = "<group>"; };
		59D7118D20DE527D00CAC436 /* MapViewController.swift */ = {isa = PBXFileReference; lastKnownFileType = sourcecode.swift; path = MapViewController.swift; sourceTree = "<group>"; };
		975D4E0D70D2D811515E766A /* Pods-FinalProjectUITests.debug.xcconfig */ = {isa = PBXFileReference; includeInIndex = 1; lastKnownFileType = text.xcconfig; name = "Pods-FinalProjectUITests.debug.xcconfig"; path = "Pods/Target Support Files/Pods-FinalProjectUITests/Pods-FinalProjectUITests.debug.xcconfig"; sourceTree = "<group>"; };
		ADAEF3F93B5331C40F6F63C1 /* Pods-FinalProject.release.xcconfig */ = {isa = PBXFileReference; includeInIndex = 1; lastKnownFileType = text.xcconfig; name = "Pods-FinalProject.release.xcconfig"; path = "Pods/Target Support Files/Pods-FinalProject/Pods-FinalProject.release.xcconfig"; sourceTree = "<group>"; };
		C444B9DC9A0703139CE67556 /* Pods-FinalProject-FinalProjectTests.release.xcconfig */ = {isa = PBXFileReference; includeInIndex = 1; lastKnownFileType = text.xcconfig; name = "Pods-FinalProject-FinalProjectTests.release.xcconfig"; path = "Pods/Target Support Files/Pods-FinalProject-FinalProjectTests/Pods-FinalProject-FinalProjectTests.release.xcconfig"; sourceTree = "<group>"; };
		E237014ABD9411FBC36BBB9F /* Pods-FinalProjectUITests.release.xcconfig */ = {isa = PBXFileReference; includeInIndex = 1; lastKnownFileType = text.xcconfig; name = "Pods-FinalProjectUITests.release.xcconfig"; path = "Pods/Target Support Files/Pods-FinalProjectUITests/Pods-FinalProjectUITests.release.xcconfig"; sourceTree = "<group>"; };
/* End PBXFileReference section */

/* Begin PBXFrameworksBuildPhase section */
		591CB02B20DE4EC400B62B46 /* Frameworks */ = {
			isa = PBXFrameworksBuildPhase;
			buildActionMask = 2147483647;
			files = (
				B4C00AFB8A93B4A086F7ED30 /* Pods_FinalProject.framework in Frameworks */,
			);
			runOnlyForDeploymentPostprocessing = 0;
		};
		591CB03F20DE4EC600B62B46 /* Frameworks */ = {
			isa = PBXFrameworksBuildPhase;
			buildActionMask = 2147483647;
			files = (
				689A7CE4969891453B1BE603 /* Pods_FinalProject_FinalProjectTests.framework in Frameworks */,
			);
			runOnlyForDeploymentPostprocessing = 0;
		};
		591CB04A20DE4EC600B62B46 /* Frameworks */ = {
			isa = PBXFrameworksBuildPhase;
			buildActionMask = 2147483647;
			files = (
				735B426634DADD94D4A7E486 /* Pods_FinalProjectUITests.framework in Frameworks */,
			);
			runOnlyForDeploymentPostprocessing = 0;
		};
/* End PBXFrameworksBuildPhase section */

/* Begin PBXGroup section */
		26592C07A93C9CD5137EC510 /* Pods */ = {
			isa = PBXGroup;
			children = (
				595B8FBF8151B3B79FEBD6DC /* Pods-FinalProject.debug.xcconfig */,
				ADAEF3F93B5331C40F6F63C1 /* Pods-FinalProject.release.xcconfig */,
				2E5B752A45A4C39D3C74B181 /* Pods-FinalProject-FinalProjectTests.debug.xcconfig */,
				C444B9DC9A0703139CE67556 /* Pods-FinalProject-FinalProjectTests.release.xcconfig */,
				975D4E0D70D2D811515E766A /* Pods-FinalProjectUITests.debug.xcconfig */,
				E237014ABD9411FBC36BBB9F /* Pods-FinalProjectUITests.release.xcconfig */,
			);
			name = Pods;
			sourceTree = "<group>";
		};
		3546BEC5DB93CD79BDC30445 /* Frameworks */ = {
			isa = PBXGroup;
			children = (
				532974FBA0BCFE3402C7BB2C /* Pods_FinalProject.framework */,
				0C8CE647F3D3A951D422AA52 /* Pods_FinalProject_FinalProjectTests.framework */,
				49BFA069FABDF9D38180C72A /* Pods_FinalProjectUITests.framework */,
			);
			name = Frameworks;
			sourceTree = "<group>";
		};
		591CB02520DE4EC400B62B46 = {
			isa = PBXGroup;
			children = (
				591CB03020DE4EC400B62B46 /* FinalProject */,
				591CB04520DE4EC600B62B46 /* FinalProjectTests */,
				591CB05020DE4EC600B62B46 /* FinalProjectUITests */,
				591CB02F20DE4EC400B62B46 /* Products */,
				26592C07A93C9CD5137EC510 /* Pods */,
				3546BEC5DB93CD79BDC30445 /* Frameworks */,
			);
			sourceTree = "<group>";
		};
		591CB02F20DE4EC400B62B46 /* Products */ = {
			isa = PBXGroup;
			children = (
				591CB02E20DE4EC400B62B46 /* FinalProject.app */,
				591CB04220DE4EC600B62B46 /* FinalProjectTests.xctest */,
				591CB04D20DE4EC600B62B46 /* FinalProjectUITests.xctest */,
			);
			name = Products;
			sourceTree = "<group>";
		};
		591CB03020DE4EC400B62B46 /* FinalProject */ = {
			isa = PBXGroup;
			children = (
				591CB03120DE4EC400B62B46 /* AppDelegate.swift */,
				591CB03320DE4EC400B62B46 /* ViewController.swift */,
				59D7118D20DE527D00CAC436 /* MapViewController.swift */,
				591CB03520DE4EC400B62B46 /* Main.storyboard */,
				594A05D920DE67CF00AEE33C /* HomeTableViewController.swift */,
				591CB03820DE4EC500B62B46 /* Assets.xcassets */,
				591CB03A20DE4EC500B62B46 /* LaunchScreen.storyboard */,
				591CB03D20DE4EC600B62B46 /* Info.plist */,
			);
			path = FinalProject;
			sourceTree = "<group>";
		};
		591CB04520DE4EC600B62B46 /* FinalProjectTests */ = {
			isa = PBXGroup;
			children = (
				591CB04620DE4EC600B62B46 /* FinalProjectTests.swift */,
				591CB04820DE4EC600B62B46 /* Info.plist */,
			);
			path = FinalProjectTests;
			sourceTree = "<group>";
		};
		591CB05020DE4EC600B62B46 /* FinalProjectUITests */ = {
			isa = PBXGroup;
			children = (
				591CB05120DE4EC600B62B46 /* FinalProjectUITests.swift */,
				591CB05320DE4EC600B62B46 /* Info.plist */,
			);
			path = FinalProjectUITests;
			sourceTree = "<group>";
		};
/* End PBXGroup section */

/* Begin PBXNativeTarget section */
		591CB02D20DE4EC400B62B46 /* FinalProject */ = {
			isa = PBXNativeTarget;
			buildConfigurationList = 591CB05620DE4EC600B62B46 /* Build configuration list for PBXNativeTarget "FinalProject" */;
			buildPhases = (
				FF725AC10B2CBCD244A675FD /* [CP] Check Pods Manifest.lock */,
				591CB02A20DE4EC400B62B46 /* Sources */,
				591CB02B20DE4EC400B62B46 /* Frameworks */,
				591CB02C20DE4EC400B62B46 /* Resources */,
				4A0E63C9DB2B2FC6320867E4 /* [CP] Copy Pods Resources */,
			);
			buildRules = (
			);
			dependencies = (
			);
			name = FinalProject;
			productName = FinalProject;
			productReference = 591CB02E20DE4EC400B62B46 /* FinalProject.app */;
			productType = "com.apple.product-type.application";
		};
		591CB04120DE4EC600B62B46 /* FinalProjectTests */ = {
			isa = PBXNativeTarget;
			buildConfigurationList = 591CB05920DE4EC600B62B46 /* Build configuration list for PBXNativeTarget "FinalProjectTests" */;
			buildPhases = (
				47061A4086922F561D180081 /* [CP] Check Pods Manifest.lock */,
				591CB03E20DE4EC600B62B46 /* Sources */,
				591CB03F20DE4EC600B62B46 /* Frameworks */,
				591CB04020DE4EC600B62B46 /* Resources */,
				2797513DE396497C2D938F33 /* [CP] Copy Pods Resources */,
			);
			buildRules = (
			);
			dependencies = (
				591CB04420DE4EC600B62B46 /* PBXTargetDependency */,
			);
			name = FinalProjectTests;
			productName = FinalProjectTests;
			productReference = 591CB04220DE4EC600B62B46 /* FinalProjectTests.xctest */;
			productType = "com.apple.product-type.bundle.unit-test";
		};
		591CB04C20DE4EC600B62B46 /* FinalProjectUITests */ = {
			isa = PBXNativeTarget;
			buildConfigurationList = 591CB05C20DE4EC600B62B46 /* Build configuration list for PBXNativeTarget "FinalProjectUITests" */;
			buildPhases = (
				B1A7B73CEBAA2EA40CA48D10 /* [CP] Check Pods Manifest.lock */,
				591CB04920DE4EC600B62B46 /* Sources */,
				591CB04A20DE4EC600B62B46 /* Frameworks */,
				591CB04B20DE4EC600B62B46 /* Resources */,
			);
			buildRules = (
			);
			dependencies = (
				591CB04F20DE4EC600B62B46 /* PBXTargetDependency */,
			);
			name = FinalProjectUITests;
			productName = FinalProjectUITests;
			productReference = 591CB04D20DE4EC600B62B46 /* FinalProjectUITests.xctest */;
			productType = "com.apple.product-type.bundle.ui-testing";
		};
/* End PBXNativeTarget section */

/* Begin PBXProject section */
		591CB02620DE4EC400B62B46 /* Project object */ = {
			isa = PBXProject;
			attributes = {
				LastSwiftUpdateCheck = 0930;
				LastUpgradeCheck = 0930;
				ORGANIZATIONNAME = isr10132;
				TargetAttributes = {
					591CB02D20DE4EC400B62B46 = {
						CreatedOnToolsVersion = 9.3;
					};
					591CB04120DE4EC600B62B46 = {
						CreatedOnToolsVersion = 9.3;
						TestTargetID = 591CB02D20DE4EC400B62B46;
					};
					591CB04C20DE4EC600B62B46 = {
						CreatedOnToolsVersion = 9.3;
						TestTargetID = 591CB02D20DE4EC400B62B46;
					};
				};
			};
			buildConfigurationList = 591CB02920DE4EC400B62B46 /* Build configuration list for PBXProject "FinalProject" */;
			compatibilityVersion = "Xcode 9.3";
			developmentRegion = en;
			hasScannedForEncodings = 0;
			knownRegions = (
				en,
				Base,
			);
			mainGroup = 591CB02520DE4EC400B62B46;
			productRefGroup = 591CB02F20DE4EC400B62B46 /* Products */;
			projectDirPath = "";
			projectRoot = "";
			targets = (
				591CB02D20DE4EC400B62B46 /* FinalProject */,
				591CB04120DE4EC600B62B46 /* FinalProjectTests */,
				591CB04C20DE4EC600B62B46 /* FinalProjectUITests */,
			);
		};
/* End PBXProject section */

/* Begin PBXResourcesBuildPhase section */
		591CB02C20DE4EC400B62B46 /* Resources */ = {
			isa = PBXResourcesBuildPhase;
			buildActionMask = 2147483647;
			files = (
				591CB03C20DE4EC500B62B46 /* LaunchScreen.storyboard in Resources */,
				591CB03920DE4EC500B62B46 /* Assets.xcassets in Resources */,
				591CB03720DE4EC400B62B46 /* Main.storyboard in Resources */,
			);
			runOnlyForDeploymentPostprocessing = 0;
		};
		591CB04020DE4EC600B62B46 /* Resources */ = {
			isa = PBXResourcesBuildPhase;
			buildActionMask = 2147483647;
			files = (
			);
			runOnlyForDeploymentPostprocessing = 0;
		};
		591CB04B20DE4EC600B62B46 /* Resources */ = {
			isa = PBXResourcesBuildPhase;
			buildActionMask = 2147483647;
			files = (
			);
			runOnlyForDeploymentPostprocessing = 0;
		};
/* End PBXResourcesBuildPhase section */

/* Begin PBXShellScriptBuildPhase section */
		2797513DE396497C2D938F33 /* [CP] Copy Pods Resources */ = {
			isa = PBXShellScriptBuildPhase;
			buildActionMask = 2147483647;
			files = (
			);
			inputPaths = (
				"${SRCROOT}/Pods/Target Support Files/Pods-FinalProject-FinalProjectTests/Pods-FinalProject-FinalProjectTests-resources.sh",
				"${PODS_ROOT}/GoogleMaps/Maps/Frameworks/GoogleMaps.framework/Resources/GoogleMaps.bundle",
				"${PODS_ROOT}/GooglePlacePicker/Frameworks/GooglePlacePicker.framework/Resources/GooglePlacePicker.bundle",
				"${PODS_ROOT}/GooglePlaces/Frameworks/GooglePlaces.framework/Resources/GooglePlaces.bundle",
			);
			name = "[CP] Copy Pods Resources";
			outputPaths = (
				"${TARGET_BUILD_DIR}/${UNLOCALIZED_RESOURCES_FOLDER_PATH}/GoogleMaps.bundle",
				"${TARGET_BUILD_DIR}/${UNLOCALIZED_RESOURCES_FOLDER_PATH}/GooglePlacePicker.bundle",
				"${TARGET_BUILD_DIR}/${UNLOCALIZED_RESOURCES_FOLDER_PATH}/GooglePlaces.bundle",
			);
			runOnlyForDeploymentPostprocessing = 0;
			shellPath = /bin/sh;
			shellScript = "\"${SRCROOT}/Pods/Target Support Files/Pods-FinalProject-FinalProjectTests/Pods-FinalProject-FinalProjectTests-resources.sh\"\n";
			showEnvVarsInLog = 0;
		};
		47061A4086922F561D180081 /* [CP] Check Pods Manifest.lock */ = {
			isa = PBXShellScriptBuildPhase;
			buildActionMask = 2147483647;
			files = (
			);
			inputPaths = (
				"${PODS_PODFILE_DIR_PATH}/Podfile.lock",
				"${PODS_ROOT}/Manifest.lock",
			);
			name = "[CP] Check Pods Manifest.lock";
			outputPaths = (
				"$(DERIVED_FILE_DIR)/Pods-FinalProject-FinalProjectTests-checkManifestLockResult.txt",
			);
			runOnlyForDeploymentPostprocessing = 0;
			shellPath = /bin/sh;
			shellScript = "diff \"${PODS_PODFILE_DIR_PATH}/Podfile.lock\" \"${PODS_ROOT}/Manifest.lock\" > /dev/null\nif [ $? != 0 ] ; then\n    # print error to STDERR\n    echo \"error: The sandbox is not in sync with the Podfile.lock. Run 'pod install' or update your CocoaPods installation.\" >&2\n    exit 1\nfi\n# This output is used by Xcode 'outputs' to avoid re-running this script phase.\necho \"SUCCESS\" > \"${SCRIPT_OUTPUT_FILE_0}\"\n";
			showEnvVarsInLog = 0;
		};
		4A0E63C9DB2B2FC6320867E4 /* [CP] Copy Pods Resources */ = {
			isa = PBXShellScriptBuildPhase;
			buildActionMask = 2147483647;
			files = (
			);
			inputPaths = (
				"${SRCROOT}/Pods/Target Support Files/Pods-FinalProject/Pods-FinalProject-resources.sh",
				"${PODS_ROOT}/GoogleMaps/Maps/Frameworks/GoogleMaps.framework/Resources/GoogleMaps.bundle",
				"${PODS_ROOT}/GooglePlacePicker/Frameworks/GooglePlacePicker.framework/Resources/GooglePlacePicker.bundle",
				"${PODS_ROOT}/GooglePlaces/Frameworks/GooglePlaces.framework/Resources/GooglePlaces.bundle",
			);
			name = "[CP] Copy Pods Resources";
			outputPaths = (
				"${TARGET_BUILD_DIR}/${UNLOCALIZED_RESOURCES_FOLDER_PATH}/GoogleMaps.bundle",
				"${TARGET_BUILD_DIR}/${UNLOCALIZED_RESOURCES_FOLDER_PATH}/GooglePlacePicker.bundle",
				"${TARGET_BUILD_DIR}/${UNLOCALIZED_RESOURCES_FOLDER_PATH}/GooglePlaces.bundle",
			);
			runOnlyForDeploymentPostprocessing = 0;
			shellPath = /bin/sh;
			shellScript = "\"${SRCROOT}/Pods/Target Support Files/Pods-FinalProject/Pods-FinalProject-resources.sh\"\n";
			showEnvVarsInLog = 0;
		};
		B1A7B73CEBAA2EA40CA48D10 /* [CP] Check Pods Manifest.lock */ = {
			isa = PBXShellScriptBuildPhase;
			buildActionMask = 2147483647;
			files = (
			);
			inputPaths = (
				"${PODS_PODFILE_DIR_PATH}/Podfile.lock",
				"${PODS_ROOT}/Manifest.lock",
			);
			name = "[CP] Check Pods Manifest.lock";
			outputPaths = (
				"$(DERIVED_FILE_DIR)/Pods-FinalProjectUITests-checkManifestLockResult.txt",
			);
			runOnlyForDeploymentPostprocessing = 0;
			shellPath = /bin/sh;
			shellScript = "diff \"${PODS_PODFILE_DIR_PATH}/Podfile.lock\" \"${PODS_ROOT}/Manifest.lock\" > /dev/null\nif [ $? != 0 ] ; then\n    # print error to STDERR\n    echo \"error: The sandbox is not in sync with the Podfile.lock. Run 'pod install' or update your CocoaPods installation.\" >&2\n    exit 1\nfi\n# This output is used by Xcode 'outputs' to avoid re-running this script phase.\necho \"SUCCESS\" > \"${SCRIPT_OUTPUT_FILE_0}\"\n";
			showEnvVarsInLog = 0;
		};
		FF725AC10B2CBCD244A675FD /* [CP] Check Pods Manifest.lock */ = {
			isa = PBXShellScriptBuildPhase;
			buildActionMask = 2147483647;
			files = (
			);
			inputPaths = (
				"${PODS_PODFILE_DIR_PATH}/Podfile.lock",
				"${PODS_ROOT}/Manifest.lock",
			);
			name = "[CP] Check Pods Manifest.lock";
			outputPaths = (
				"$(DERIVED_FILE_DIR)/Pods-FinalProject-checkManifestLockResult.txt",
			);
			runOnlyForDeploymentPostprocessing = 0;
			shellPath = /bin/sh;
			shellScript = "diff \"${PODS_PODFILE_DIR_PATH}/Podfile.lock\" \"${PODS_ROOT}/Manifest.lock\" > /dev/null\nif [ $? != 0 ] ; then\n    # print error to STDERR\n    echo \"error: The sandbox is not in sync with the Podfile.lock. Run 'pod install' or update your CocoaPods installation.\" >&2\n    exit 1\nfi\n# This output is used by Xcode 'outputs' to avoid re-running this script phase.\necho \"SUCCESS\" > \"${SCRIPT_OUTPUT_FILE_0}\"\n";
			showEnvVarsInLog = 0;
		};
/* End PBXShellScriptBuildPhase section */

/* Begin PBXSourcesBuildPhase section */
		591CB02A20DE4EC400B62B46 /* Sources */ = {
			isa = PBXSourcesBuildPhase;
			buildActionMask = 2147483647;
			files = (
				594A05DA20DE67CF00AEE33C /* HomeTableViewController.swift in Sources */,
				591CB03420DE4EC400B62B46 /* ViewController.swift in Sources */,
				59D7118E20DE527D00CAC436 /* MapViewController.swift in Sources */,
				591CB03220DE4EC400B62B46 /* AppDelegate.swift in Sources */,
			);
			runOnlyForDeploymentPostprocessing = 0;
		};
		591CB03E20DE4EC600B62B46 /* Sources */ = {
			isa = PBXSourcesBuildPhase;
			buildActionMask = 2147483647;
			files = (
				591CB04720DE4EC600B62B46 /* FinalProjectTests.swift in Sources */,
			);
			runOnlyForDeploymentPostprocessing = 0;
		};
		591CB04920DE4EC600B62B46 /* Sources */ = {
			isa = PBXSourcesBuildPhase;
			buildActionMask = 2147483647;
			files = (
				591CB05220DE4EC600B62B46 /* FinalProjectUITests.swift in Sources */,
			);
			runOnlyForDeploymentPostprocessing = 0;
		};
/* End PBXSourcesBuildPhase section */

/* Begin PBXTargetDependency section */
		591CB04420DE4EC600B62B46 /* PBXTargetDependency */ = {
			isa = PBXTargetDependency;
			target = 591CB02D20DE4EC400B62B46 /* FinalProject */;
			targetProxy = 591CB04320DE4EC600B62B46 /* PBXContainerItemProxy */;
		};
		591CB04F20DE4EC600B62B46 /* PBXTargetDependency */ = {
			isa = PBXTargetDependency;
			target = 591CB02D20DE4EC400B62B46 /* FinalProject */;
			targetProxy = 591CB04E20DE4EC600B62B46 /* PBXContainerItemProxy */;
		};
/* End PBXTargetDependency section */

/* Begin PBXVariantGroup section */
		591CB03520DE4EC400B62B46 /* Main.storyboard */ = {
			isa = PBXVariantGroup;
			children = (
				591CB03620DE4EC400B62B46 /* Base */,
			);
			name = Main.storyboard;
			sourceTree = "<group>";
		};
		591CB03A20DE4EC500B62B46 /* LaunchScreen.storyboard */ = {
			isa = PBXVariantGroup;
			children = (
				591CB03B20DE4EC500B62B46 /* Base */,
			);
			name = LaunchScreen.storyboard;
			sourceTree = "<group>";
		};
/* End PBXVariantGroup section */

/* Begin XCBuildConfiguration section */
		591CB05420DE4EC600B62B46 /* Debug */ = {
			isa = XCBuildConfiguration;
			buildSettings = {
				ALWAYS_SEARCH_USER_PATHS = NO;
				CLANG_ANALYZER_NONNULL = YES;
				CLANG_ANALYZER_NUMBER_OBJECT_CONVERSION = YES_AGGRESSIVE;
				CLANG_CXX_LANGUAGE_STANDARD = "gnu++14";
				CLANG_CXX_LIBRARY = "libc++";
				CLANG_ENABLE_MODULES = YES;
				CLANG_ENABLE_OBJC_ARC = YES;
				CLANG_ENABLE_OBJC_WEAK = YES;
				CLANG_WARN_BLOCK_CAPTURE_AUTORELEASING = YES;
				CLANG_WARN_BOOL_CONVERSION = YES;
				CLANG_WARN_COMMA = YES;
				CLANG_WARN_CONSTANT_CONVERSION = YES;
				CLANG_WARN_DEPRECATED_OBJC_IMPLEMENTATIONS = YES;
				CLANG_WARN_DIRECT_OBJC_ISA_USAGE = YES_ERROR;
				CLANG_WARN_DOCUMENTATION_COMMENTS = YES;
				CLANG_WARN_EMPTY_BODY = YES;
				CLANG_WARN_ENUM_CONVERSION = YES;
				CLANG_WARN_INFINITE_RECURSION = YES;
				CLANG_WARN_INT_CONVERSION = YES;
				CLANG_WARN_NON_LITERAL_NULL_CONVERSION = YES;
				CLANG_WARN_OBJC_IMPLICIT_RETAIN_SELF = YES;
				CLANG_WARN_OBJC_LITERAL_CONVERSION = YES;
				CLANG_WARN_OBJC_ROOT_CLASS = YES_ERROR;
				CLANG_WARN_RANGE_LOOP_ANALYSIS = YES;
				CLANG_WARN_STRICT_PROTOTYPES = YES;
				CLANG_WARN_SUSPICIOUS_MOVE = YES;
				CLANG_WARN_UNGUARDED_AVAILABILITY = YES_AGGRESSIVE;
				CLANG_WARN_UNREACHABLE_CODE = YES;
				CLANG_WARN__DUPLICATE_METHOD_MATCH = YES;
				CODE_SIGN_IDENTITY = "iPhone Developer";
				COPY_PHASE_STRIP = NO;
				DEBUG_INFORMATION_FORMAT = dwarf;
				ENABLE_STRICT_OBJC_MSGSEND = YES;
				ENABLE_TESTABILITY = YES;
				GCC_C_LANGUAGE_STANDARD = gnu11;
				GCC_DYNAMIC_NO_PIC = NO;
				GCC_NO_COMMON_BLOCKS = YES;
				GCC_OPTIMIZATION_LEVEL = 0;
				GCC_PREPROCESSOR_DEFINITIONS = (
					"DEBUG=1",
					"$(inherited)",
				);
				GCC_WARN_64_TO_32_BIT_CONVERSION = YES;
				GCC_WARN_ABOUT_RETURN_TYPE = YES_ERROR;
				GCC_WARN_UNDECLARED_SELECTOR = YES;
				GCC_WARN_UNINITIALIZED_AUTOS = YES_AGGRESSIVE;
				GCC_WARN_UNUSED_FUNCTION = YES;
				GCC_WARN_UNUSED_VARIABLE = YES;
				IPHONEOS_DEPLOYMENT_TARGET = 11.3;
				MTL_ENABLE_DEBUG_INFO = YES;
				ONLY_ACTIVE_ARCH = YES;
				SDKROOT = iphoneos;
				SWIFT_ACTIVE_COMPILATION_CONDITIONS = DEBUG;
				SWIFT_OPTIMIZATION_LEVEL = "-Onone";
			};
			name = Debug;
		};
		591CB05520DE4EC600B62B46 /* Release */ = {
			isa = XCBuildConfiguration;
			buildSettings = {
				ALWAYS_SEARCH_USER_PATHS = NO;
				CLANG_ANALYZER_NONNULL = YES;
				CLANG_ANALYZER_NUMBER_OBJECT_CONVERSION = YES_AGGRESSIVE;
				CLANG_CXX_LANGUAGE_STANDARD = "gnu++14";
				CLANG_CXX_LIBRARY = "libc++";
				CLANG_ENABLE_MODULES = YES;
				CLANG_ENABLE_OBJC_ARC = YES;
				CLANG_ENABLE_OBJC_WEAK = YES;
				CLANG_WARN_BLOCK_CAPTURE_AUTORELEASING = YES;
				CLANG_WARN_BOOL_CONVERSION = YES;
				CLANG_WARN_COMMA = YES;
				CLANG_WARN_CONSTANT_CONVERSION = YES;
				CLANG_WARN_DEPRECATED_OBJC_IMPLEMENTATIONS = YES;
				CLANG_WARN_DIRECT_OBJC_ISA_USAGE = YES_ERROR;
				CLANG_WARN_DOCUMENTATION_COMMENTS = YES;
				CLANG_WARN_EMPTY_BODY = YES;
				CLANG_WARN_ENUM_CONVERSION = YES;
				CLANG_WARN_INFINITE_RECURSION = YES;
				CLANG_WARN_INT_CONVERSION = YES;
				CLANG_WARN_NON_LITERAL_NULL_CONVERSION = YES;
				CLANG_WARN_OBJC_IMPLICIT_RETAIN_SELF = YES;
				CLANG_WARN_OBJC_LITERAL_CONVERSION = YES;
				CLANG_WARN_OBJC_ROOT_CLASS = YES_ERROR;
				CLANG_WARN_RANGE_LOOP_ANALYSIS = YES;
				CLANG_WARN_STRICT_PROTOTYPES = YES;
				CLANG_WARN_SUSPICIOUS_MOVE = YES;
				CLANG_WARN_UNGUARDED_AVAILABILITY = YES_AGGRESSIVE;
				CLANG_WARN_UNREACHABLE_CODE = YES;
				CLANG_WARN__DUPLICATE_METHOD_MATCH = YES;
				CODE_SIGN_IDENTITY = "iPhone Developer";
				COPY_PHASE_STRIP = NO;
				DEBUG_INFORMATION_FORMAT = "dwarf-with-dsym";
				ENABLE_NS_ASSERTIONS = NO;
				ENABLE_STRICT_OBJC_MSGSEND = YES;
				GCC_C_LANGUAGE_STANDARD = gnu11;
				GCC_NO_COMMON_BLOCKS = YES;
				GCC_WARN_64_TO_32_BIT_CONVERSION = YES;
				GCC_WARN_ABOUT_RETURN_TYPE = YES_ERROR;
				GCC_WARN_UNDECLARED_SELECTOR = YES;
				GCC_WARN_UNINITIALIZED_AUTOS = YES_AGGRESSIVE;
				GCC_WARN_UNUSED_FUNCTION = YES;
				GCC_WARN_UNUSED_VARIABLE = YES;
				IPHONEOS_DEPLOYMENT_TARGET = 11.3;
				MTL_ENABLE_DEBUG_INFO = NO;
				SDKROOT = iphoneos;
				SWIFT_COMPILATION_MODE = wholemodule;
				SWIFT_OPTIMIZATION_LEVEL = "-O";
				VALIDATE_PRODUCT = YES;
			};
			name = Release;
		};
		591CB05720DE4EC600B62B46 /* Debug */ = {
			isa = XCBuildConfiguration;
			baseConfigurationReference = 595B8FBF8151B3B79FEBD6DC /* Pods-FinalProject.debug.xcconfig */;
			buildSettings = {
				ASSETCATALOG_COMPILER_APPICON_NAME = AppIcon;
				CODE_SIGN_STYLE = Automatic;
				INFOPLIST_FILE = FinalProject/Info.plist;
				LD_RUNPATH_SEARCH_PATHS = (
					"$(inherited)",
					"@executable_path/Frameworks",
				);
				PRODUCT_BUNDLE_IDENTIFIER = isr10132.FinalProject;
				PRODUCT_NAME = "$(TARGET_NAME)";
				SWIFT_VERSION = 4.0;
				TARGETED_DEVICE_FAMILY = "1,2";
			};
			name = Debug;
		};
		591CB05820DE4EC600B62B46 /* Release */ = {
			isa = XCBuildConfiguration;
			baseConfigurationReference = ADAEF3F93B5331C40F6F63C1 /* Pods-FinalProject.release.xcconfig */;
			buildSettings = {
				ASSETCATALOG_COMPILER_APPICON_NAME = AppIcon;
				CODE_SIGN_STYLE = Automatic;
				INFOPLIST_FILE = FinalProject/Info.plist;
				LD_RUNPATH_SEARCH_PATHS = (
					"$(inherited)",
					"@executable_path/Frameworks",
				);
				PRODUCT_BUNDLE_IDENTIFIER = isr10132.FinalProject;
				PRODUCT_NAME = "$(TARGET_NAME)";
				SWIFT_VERSION = 4.0;
				TARGETED_DEVICE_FAMILY = "1,2";
			};
			name = Release;
		};
		591CB05A20DE4EC600B62B46 /* Debug */ = {
			isa = XCBuildConfiguration;
			baseConfigurationReference = 2E5B752A45A4C39D3C74B181 /* Pods-FinalProject-FinalProjectTests.debug.xcconfig */;
			buildSettings = {
				ALWAYS_EMBED_SWIFT_STANDARD_LIBRARIES = YES;
				BUNDLE_LOADER = "$(TEST_HOST)";
				CODE_SIGN_STYLE = Automatic;
				INFOPLIST_FILE = FinalProjectTests/Info.plist;
				LD_RUNPATH_SEARCH_PATHS = (
					"$(inherited)",
					"@executable_path/Frameworks",
					"@loader_path/Frameworks",
				);
				PRODUCT_BUNDLE_IDENTIFIER = isr10132.FinalProjectTests;
				PRODUCT_NAME = "$(TARGET_NAME)";
				SWIFT_VERSION = 4.0;
				TARGETED_DEVICE_FAMILY = "1,2";
				TEST_HOST = "$(BUILT_PRODUCTS_DIR)/FinalProject.app/FinalProject";
			};
			name = Debug;
		};
		591CB05B20DE4EC600B62B46 /* Release */ = {
			isa = XCBuildConfiguration;
			baseConfigurationReference = C444B9DC9A0703139CE67556 /* Pods-FinalProject-FinalProjectTests.release.xcconfig */;
			buildSettings = {
				ALWAYS_EMBED_SWIFT_STANDARD_LIBRARIES = YES;
				BUNDLE_LOADER = "$(TEST_HOST)";
				CODE_SIGN_STYLE = Automatic;
				INFOPLIST_FILE = FinalProjectTests/Info.plist;
				LD_RUNPATH_SEARCH_PATHS = (
					"$(inherited)",
					"@executable_path/Frameworks",
					"@loader_path/Frameworks",
				);
				PRODUCT_BUNDLE_IDENTIFIER = isr10132.FinalProjectTests;
				PRODUCT_NAME = "$(TARGET_NAME)";
				SWIFT_VERSION = 4.0;
				TARGETED_DEVICE_FAMILY = "1,2";
				TEST_HOST = "$(BUILT_PRODUCTS_DIR)/FinalProject.app/FinalProject";
			};
			name = Release;
		};
		591CB05D20DE4EC600B62B46 /* Debug */ = {
			isa = XCBuildConfiguration;
			baseConfigurationReference = 975D4E0D70D2D811515E766A /* Pods-FinalProjectUITests.debug.xcconfig */;
			buildSettings = {
				ALWAYS_EMBED_SWIFT_STANDARD_LIBRARIES = YES;
				CODE_SIGN_STYLE = Automatic;
				INFOPLIST_FILE = FinalProjectUITests/Info.plist;
				LD_RUNPATH_SEARCH_PATHS = (
					"$(inherited)",
					"@executable_path/Frameworks",
					"@loader_path/Frameworks",
				);
				PRODUCT_BUNDLE_IDENTIFIER = isr10132.FinalProjectUITests;
				PRODUCT_NAME = "$(TARGET_NAME)";
				SWIFT_VERSION = 4.0;
				TARGETED_DEVICE_FAMILY = "1,2";
				TEST_TARGET_NAME = FinalProject;
			};
			name = Debug;
		};
		591CB05E20DE4EC600B62B46 /* Release */ = {
			isa = XCBuildConfiguration;
			baseConfigurationReference = E237014ABD9411FBC36BBB9F /* Pods-FinalProjectUITests.release.xcconfig */;
			buildSettings = {
				ALWAYS_EMBED_SWIFT_STANDARD_LIBRARIES = YES;
				CODE_SIGN_STYLE = Automatic;
				INFOPLIST_FILE = FinalProjectUITests/Info.plist;
				LD_RUNPATH_SEARCH_PATHS = (
					"$(inherited)",
					"@executable_path/Frameworks",
					"@loader_path/Frameworks",
				);
				PRODUCT_BUNDLE_IDENTIFIER = isr10132.FinalProjectUITests;
				PRODUCT_NAME = "$(TARGET_NAME)";
				SWIFT_VERSION = 4.0;
				TARGETED_DEVICE_FAMILY = "1,2";
				TEST_TARGET_NAME = FinalProject;
			};
			name = Release;
		};
/* End XCBuildConfiguration section */

/* Begin XCConfigurationList section */
		591CB02920DE4EC400B62B46 /* Build configuration list for PBXProject "FinalProject" */ = {
			isa = XCConfigurationList;
			buildConfigurations = (
				591CB05420DE4EC600B62B46 /* Debug */,
				591CB05520DE4EC600B62B46 /* Release */,
			);
			defaultConfigurationIsVisible = 0;
			defaultConfigurationName = Release;
		};
		591CB05620DE4EC600B62B46 /* Build configuration list for PBXNativeTarget "FinalProject" */ = {
			isa = XCConfigurationList;
			buildConfigurations = (
				591CB05720DE4EC600B62B46 /* Debug */,
				591CB05820DE4EC600B62B46 /* Release */,
			);
			defaultConfigurationIsVisible = 0;
			defaultConfigurationName = Release;
		};
		591CB05920DE4EC600B62B46 /* Build configuration list for PBXNativeTarget "FinalProjectTests" */ = {
			isa = XCConfigurationList;
			buildConfigurations = (
				591CB05A20DE4EC600B62B46 /* Debug */,
				591CB05B20DE4EC600B62B46 /* Release */,
			);
			defaultConfigurationIsVisible = 0;
			defaultConfigurationName = Release;
		};
		591CB05C20DE4EC600B62B46 /* Build configuration list for PBXNativeTarget "FinalProjectUITests" */ = {
			isa = XCConfigurationList;
			buildConfigurations = (
				591CB05D20DE4EC600B62B46 /* Debug */,
				591CB05E20DE4EC600B62B46 /* Release */,
			);
			defaultConfigurationIsVisible = 0;
			defaultConfigurationName = Release;
		};
/* End XCConfigurationList section */
	};
	rootObject = 591CB02620DE4EC400B62B46 /* Project object */;
}
